PODS:
  - SDWebImage (5.10.4):
    - SDWebImage/Core (= 5.10.4)
  - SDWebImage/Core (5.10.4)
  - SDWebImageSwiftUI (1.5.0):
    - SDWebImage (~> 5.7)
  - SwiftyJSON (5.0.0)

DEPENDENCIES:
  - SDWebImage
  - SDWebImageSwiftUI
  - SwiftyJSON

SPEC REPOS:
  trunk:
    - SDWebImage
    - SDWebImageSwiftUI
    - SwiftyJSON

SPEC CHECKSUMS:
  SDWebImage: c666b97e1fa9c64b4909816a903322018f0a9c84
  SDWebImageSwiftUI: 43687ffe232ddd33fe0659498b7ca9884fdd6b35
  SwiftyJSON: 36413e04c44ee145039d332b4f4e2d3e8d6c4db7

PODFILE CHECKSUM: 3d9f9b3c262777e1ebd4144401a1ececee456a86

COCOAPODS: 1.10.0
