// !$*UTF8*$!
{
	archiveVersion = 1;
	classes = {
	};
	objectVersion = 51;
	objects = {

/* Begin PBXBuildFile section */
		16C657CCDDB1921F92081097 /* Pods_NewsApp.framework in Frameworks */ = {isa = PBXBuildFile; fileRef = EB1A3AA2C2F3596648179056 /* Pods_NewsApp.framework */; };
		451D1A1A25DA36A5003071B6 /* AppDelegate.swift in Sources */ = {isa = PBXBuildFile; fileRef = 451D1A1925DA36A5003071B6 /* AppDelegate.swift */; };
		451D1A1C25DA36A5003071B6 /* SceneDelegate.swift in Sources */ = {isa = PBXBuildFile; fileRef = 451D1A1B25DA36A5003071B6 /* SceneDelegate.swift */; };
		451D1A1E25DA36A5003071B6 /* ContentView.swift in Sources */ = {isa = PBXBuildFile; fileRef = 451D1A1D25DA36A5003071B6 /* ContentView.swift */; };
		451D1A2025DA36A7003071B6 /* Assets.xcassets in Resources */ = {isa = PBXBuildFile; fileRef = 451D1A1F25DA36A7003071B6 /* Assets.xcassets */; };
		451D1A2325DA36A7003071B6 /* Preview Assets.xcassets in Resources */ = {isa = PBXBuildFile; fileRef = 451D1A2225DA36A7003071B6 /* Preview Assets.xcassets */; };
		451D1A2625DA36A7003071B6 /* LaunchScreen.storyboard in Resources */ = {isa = PBXBuildFile; fileRef = 451D1A2425DA36A7003071B6 /* LaunchScreen.storyboard */; };
		4556965725DC685200D3C17C /* WebView.swift in Sources */ = {isa = PBXBuildFile; fileRef = 4556965625DC685200D3C17C /* WebView.swift */; };
		4556965B25DC692000D3C17C /* NewView.swift in Sources */ = {isa = PBXBuildFile; fileRef = 4556965A25DC692000D3C17C /* NewView.swift */; };
		4556965E25DC69A300D3C17C /* FetchNews.swift in Sources */ = {isa = PBXBuildFile; fileRef = 4556965D25DC69A300D3C17C /* FetchNews.swift */; };
		4557980D25DC546200DBA663 /* DetailView.swift in Sources */ = {isa = PBXBuildFile; fileRef = 4557980C25DC546200DBA663 /* DetailView.swift */; };
/* End PBXBuildFile section */

/* Begin PBXFileReference section */
		451D1A1625DA36A5003071B6 /* NewsApp.app */ = {isa = PBXFileReference; explicitFileType = wrapper.application; includeInIndex = 0; path = NewsApp.app; sourceTree = BUILT_PRODUCTS_DIR; };
		451D1A1925DA36A5003071B6 /* AppDelegate.swift */ = {isa = PBXFileReference; lastKnownFileType = sourcecode.swift; path = AppDelegate.swift; sourceTree = "<group>"; };
		451D1A1B25DA36A5003071B6 /* SceneDelegate.swift */ = {isa = PBXFileReference; lastKnownFileType = sourcecode.swift; path = SceneDelegate.swift; sourceTree = "<group>"; };
		451D1A1D25DA36A5003071B6 /* ContentView.swift */ = {isa = PBXFileReference; lastKnownFileType = sourcecode.swift; path = ContentView.swift; sourceTree = "<group>"; };
		451D1A1F25DA36A7003071B6 /* Assets.xcassets */ = {isa = PBXFileReference; lastKnownFileType = folder.assetcatalog; path = Assets.xcassets; sourceTree = "<group>"; };
		451D1A2225DA36A7003071B6 /* Preview Assets.xcassets */ = {isa = PBXFileReference; lastKnownFileType = folder.assetcatalog; path = "Preview Assets.xcassets"; sourceTree = "<group>"; };
		451D1A2525DA36A7003071B6 /* Base */ = {isa = PBXFileReference; lastKnownFileType = file.storyboard; name = Base; path = Base.lproj/LaunchScreen.storyboard; sourceTree = "<group>"; };
		451D1A2725DA36A7003071B6 /* Info.plist */ = {isa = PBXFileReference; lastKnownFileType = text.plist.xml; path = Info.plist; sourceTree = "<group>"; };
		4556965625DC685200D3C17C /* WebView.swift */ = {isa = PBXFileReference; lastKnownFileType = sourcecode.swift; path = WebView.swift; sourceTree = "<group>"; };
		4556965A25DC692000D3C17C /* NewView.swift */ = {isa = PBXFileReference; lastKnownFileType = sourcecode.swift; path = NewView.swift; sourceTree = "<group>"; };
		4556965D25DC69A300D3C17C /* FetchNews.swift */ = {isa = PBXFileReference; lastKnownFileType = sourcecode.swift; path = FetchNews.swift; sourceTree = "<group>"; };
		4557980C25DC546200DBA663 /* DetailView.swift */ = {isa = PBXFileReference; lastKnownFileType = sourcecode.swift; path = DetailView.swift; sourceTree = "<group>"; };
		DE63AAE564BD8BC2DBD133E2 /* Pods-NewsApp.debug.xcconfig */ = {isa = PBXFileReference; includeInIndex = 1; lastKnownFileType = text.xcconfig; name = "Pods-NewsApp.debug.xcconfig"; path = "Target Support Files/Pods-NewsApp/Pods-NewsApp.debug.xcconfig"; sourceTree = "<group>"; };
		E9F56B926DA9339138F70CD0 /* Pods-NewsApp.release.xcconfig */ = {isa = PBXFileReference; includeInIndex = 1; lastKnownFileType = text.xcconfig; name = "Pods-NewsApp.release.xcconfig"; path = "Target Support Files/Pods-NewsApp/Pods-NewsApp.release.xcconfig"; sourceTree = "<group>"; };
		EB1A3AA2C2F3596648179056 /* Pods_NewsApp.framework */ = {isa = PBXFileReference; explicitFileType = wrapper.framework; includeInIndex = 0; path = Pods_NewsApp.framework; sourceTree = BUILT_PRODUCTS_DIR; };
/* End PBXFileReference section */

/* Begin PBXFrameworksBuildPhase section */
		451D1A1325DA36A5003071B6 /* Frameworks */ = {
			isa = PBXFrameworksBuildPhase;
			buildActionMask = 2147483647;
			files = (
				16C657CCDDB1921F92081097 /* Pods_NewsApp.framework in Frameworks */,
			);
			runOnlyForDeploymentPostprocessing = 0;
		};
/* End PBXFrameworksBuildPhase section */

/* Begin PBXGroup section */
		451D1A0D25DA36A5003071B6 = {
			isa = PBXGroup;
			children = (
				451D1A1825DA36A5003071B6 /* NewsApp */,
				451D1A1725DA36A5003071B6 /* Products */,
				46CC13B944E15052F54C77AF /* Pods */,
				CD997C84EB4909DC37365380 /* Frameworks */,
			);
			sourceTree = "<group>";
		};
		451D1A1725DA36A5003071B6 /* Products */ = {
			isa = PBXGroup;
			children = (
				451D1A1625DA36A5003071B6 /* NewsApp.app */,
			);
			name = Products;
			sourceTree = "<group>";
		};
		451D1A1825DA36A5003071B6 /* NewsApp */ = {
			isa = PBXGroup;
			children = (
				451D1A1925DA36A5003071B6 /* AppDelegate.swift */,
				451D1A1B25DA36A5003071B6 /* SceneDelegate.swift */,
				451D1A1D25DA36A5003071B6 /* ContentView.swift */,
				4557980C25DC546200DBA663 /* DetailView.swift */,
				4556965625DC685200D3C17C /* WebView.swift */,
				4556965A25DC692000D3C17C /* NewView.swift */,
				4556965D25DC69A300D3C17C /* FetchNews.swift */,
				451D1A1F25DA36A7003071B6 /* Assets.xcassets */,
				451D1A2425DA36A7003071B6 /* LaunchScreen.storyboard */,
				451D1A2725DA36A7003071B6 /* Info.plist */,
				451D1A2125DA36A7003071B6 /* Preview Content */,
			);
			path = NewsApp;
			sourceTree = "<group>";
		};
		451D1A2125DA36A7003071B6 /* Preview Content */ = {
			isa = PBXGroup;
			children = (
				451D1A2225DA36A7003071B6 /* Preview Assets.xcassets */,
			);
			path = "Preview Content";
			sourceTree = "<group>";
		};
		46CC13B944E15052F54C77AF /* Pods */ = {
			isa = PBXGroup;
			children = (
				DE63AAE564BD8BC2DBD133E2 /* Pods-NewsApp.debug.xcconfig */,
				E9F56B926DA9339138F70CD0 /* Pods-NewsApp.release.xcconfig */,
			);
			path = Pods;
			sourceTree = "<group>";
		};
		CD997C84EB4909DC37365380 /* Frameworks */ = {
			isa = PBXGroup;
			children = (
				EB1A3AA2C2F3596648179056 /* Pods_NewsApp.framework */,
			);
			name = Frameworks;
			sourceTree = "<group>";
		};
/* End PBXGroup section */

/* Begin PBXNativeTarget section */
		451D1A1525DA36A5003071B6 /* NewsApp */ = {
			isa = PBXNativeTarget;
			buildConfigurationList = 451D1A2A25DA36A7003071B6 /* Build configuration list for PBXNativeTarget "NewsApp" */;
			buildPhases = (
				E7C86D608EA7B935336BC925 /* [CP] Check Pods Manifest.lock */,
				451D1A1225DA36A5003071B6 /* Sources */,
				451D1A1325DA36A5003071B6 /* Frameworks */,
				451D1A1425DA36A5003071B6 /* Resources */,
				31E1300EB0E180BAE2124339 /* [CP] Embed Pods Frameworks */,
			);
			buildRules = (
			);
			dependencies = (
			);
			name = NewsApp;
			productName = NewsApp;
			productReference = 451D1A1625DA36A5003071B6 /* NewsApp.app */;
			productType = "com.apple.product-type.application";
		};
/* End PBXNativeTarget section */

/* Begin PBXProject section */
		451D1A0E25DA36A5003071B6 /* Project object */ = {
			isa = PBXProject;
			attributes = {
				LastSwiftUpdateCheck = 1200;
				LastUpgradeCheck = 1200;
				TargetAttributes = {
					451D1A1525DA36A5003071B6 = {
						CreatedOnToolsVersion = 12.0.1;
					};
				};
			};
			buildConfigurationList = 451D1A1125DA36A5003071B6 /* Build configuration list for PBXProject "NewsApp" */;
			compatibilityVersion = "Xcode 9.3";
			developmentRegion = en;
			hasScannedForEncodings = 0;
			knownRegions = (
				en,
				Base,
			);
			mainGroup = 451D1A0D25DA36A5003071B6;
			productRefGroup = 451D1A1725DA36A5003071B6 /* Products */;
			projectDirPath = "";
			projectRoot = "";
			targets = (
				451D1A1525DA36A5003071B6 /* NewsApp */,
			);
		};
/* End PBXProject section */

/* Begin PBXResourcesBuildPhase section */
		451D1A1425DA36A5003071B6 /* Resources */ = {
			isa = PBXResourcesBuildPhase;
			buildActionMask = 2147483647;
			files = (
				451D1A2625DA36A7003071B6 /* LaunchScreen.storyboard in Resources */,
				451D1A2325DA36A7003071B6 /* Preview Assets.xcassets in Resources */,
				451D1A2025DA36A7003071B6 /* Assets.xcassets in Resources */,
			);
			runOnlyForDeploymentPostprocessing = 0;
		};
/* End PBXResourcesBuildPhase section */

/* Begin PBXShellScriptBuildPhase section */
		31E1300EB0E180BAE2124339 /* [CP] Embed Pods Frameworks */ = {
			isa = PBXShellScriptBuildPhase;
			buildActionMask = 2147483647;
			files = (
			);
			inputFileListPaths = (
				"${PODS_ROOT}/Target Support Files/Pods-NewsApp/Pods-NewsApp-frameworks-${CONFIGURATION}-input-files.xcfilelist",
			);
			name = "[CP] Embed Pods Frameworks";
			outputFileListPaths = (
				"${PODS_ROOT}/Target Support Files/Pods-NewsApp/Pods-NewsApp-frameworks-${CONFIGURATION}-output-files.xcfilelist",
			);
			runOnlyForDeploymentPostprocessing = 0;
			shellPath = /bin/sh;
			shellScript = "\"${PODS_ROOT}/Target Support Files/Pods-NewsApp/Pods-NewsApp-frameworks.sh\"\n";
			showEnvVarsInLog = 0;
		};
		E7C86D608EA7B935336BC925 /* [CP] Check Pods Manifest.lock */ = {
			isa = PBXShellScriptBuildPhase;
			buildActionMask = 2147483647;
			files = (
			);
			inputFileListPaths = (
			);
			inputPaths = (
				"${PODS_PODFILE_DIR_PATH}/Podfile.lock",
				"${PODS_ROOT}/Manifest.lock",
			);
			name = "[CP] Check Pods Manifest.lock";
			outputFileListPaths = (
			);
			outputPaths = (
				"$(DERIVED_FILE_DIR)/Pods-NewsApp-checkManifestLockResult.txt",
			);
			runOnlyForDeploymentPostprocessing = 0;
			shellPath = /bin/sh;
			shellScript = "diff \"${PODS_PODFILE_DIR_PATH}/Podfile.lock\" \"${PODS_ROOT}/Manifest.lock\" > /dev/null\nif [ $? != 0 ] ; then\n    # print error to STDERR\n    echo \"error: The sandbox is not in sync with the Podfile.lock. Run 'pod install' or update your CocoaPods installation.\" >&2\n    exit 1\nfi\n# This output is used by Xcode 'outputs' to avoid re-running this script phase.\necho \"SUCCESS\" > \"${SCRIPT_OUTPUT_FILE_0}\"\n";
			showEnvVarsInLog = 0;
		};
/* End PBXShellScriptBuildPhase section */

/* Begin PBXSourcesBuildPhase section */
		451D1A1225DA36A5003071B6 /* Sources */ = {
			isa = PBXSourcesBuildPhase;
			buildActionMask = 2147483647;
			files = (
				451D1A1A25DA36A5003071B6 /* AppDelegate.swift in Sources */,
				4556965E25DC69A300D3C17C /* FetchNews.swift in Sources */,
				451D1A1C25DA36A5003071B6 /* SceneDelegate.swift in Sources */,
				4556965725DC685200D3C17C /* WebView.swift in Sources */,
				4556965B25DC692000D3C17C /* NewView.swift in Sources */,
				4557980D25DC546200DBA663 /* DetailView.swift in Sources */,
				451D1A1E25DA36A5003071B6 /* ContentView.swift in Sources */,
			);
			runOnlyForDeploymentPostprocessing = 0;
		};
/* End PBXSourcesBuildPhase section */

/* Begin PBXVariantGroup section */
		451D1A2425DA36A7003071B6 /* LaunchScreen.storyboard */ = {
			isa = PBXVariantGroup;
			children = (
				451D1A2525DA36A7003071B6 /* Base */,
			);
			name = LaunchScreen.storyboard;
			sourceTree = "<group>";
		};
/* End PBXVariantGroup section */

/* Begin XCBuildConfiguration section */
		451D1A2825DA36A7003071B6 /* Debug */ = {
			isa = XCBuildConfiguration;
			buildSettings = {
				ALWAYS_SEARCH_USER_PATHS = NO;
				CLANG_ANALYZER_NONNULL = YES;
				CLANG_ANALYZER_NUMBER_OBJECT_CONVERSION = YES_AGGRESSIVE;
				CLANG_CXX_LANGUAGE_STANDARD = "gnu++14";
				CLANG_CXX_LIBRARY = "libc++";
				CLANG_ENABLE_MODULES = YES;
				CLANG_ENABLE_OBJC_ARC = YES;
				CLANG_ENABLE_OBJC_WEAK = YES;
				CLANG_WARN_BLOCK_CAPTURE_AUTORELEASING = YES;
				CLANG_WARN_BOOL_CONVERSION = YES;
				CLANG_WARN_COMMA = YES;
				CLANG_WARN_CONSTANT_CONVERSION = YES;
				CLANG_WARN_DEPRECATED_OBJC_IMPLEMENTATIONS = YES;
				CLANG_WARN_DIRECT_OBJC_ISA_USAGE = YES_ERROR;
				CLANG_WARN_DOCUMENTATION_COMMENTS = YES;
				CLANG_WARN_EMPTY_BODY = YES;
				CLANG_WARN_ENUM_CONVERSION = YES;
				CLANG_WARN_INFINITE_RECURSION = YES;
				CLANG_WARN_INT_CONVERSION = YES;
				CLANG_WARN_NON_LITERAL_NULL_CONVERSION = YES;
				CLANG_WARN_OBJC_IMPLICIT_RETAIN_SELF = YES;
				CLANG_WARN_OBJC_LITERAL_CONVERSION = YES;
				CLANG_WARN_OBJC_ROOT_CLASS = YES_ERROR;
				CLANG_WARN_QUOTED_INCLUDE_IN_FRAMEWORK_HEADER = YES;
				CLANG_WARN_RANGE_LOOP_ANALYSIS = YES;
				CLANG_WARN_STRICT_PROTOTYPES = YES;
				CLANG_WARN_SUSPICIOUS_MOVE = YES;
				CLANG_WARN_UNGUARDED_AVAILABILITY = YES_AGGRESSIVE;
				CLANG_WARN_UNREACHABLE_CODE = YES;
				CLANG_WARN__DUPLICATE_METHOD_MATCH = YES;
				COPY_PHASE_STRIP = NO;
				DEBUG_INFORMATION_FORMAT = dwarf;
				ENABLE_STRICT_OBJC_MSGSEND = YES;
				ENABLE_TESTABILITY = YES;
				GCC_C_LANGUAGE_STANDARD = gnu11;
				GCC_DYNAMIC_NO_PIC = NO;
				GCC_NO_COMMON_BLOCKS = YES;
				GCC_OPTIMIZATION_LEVEL = 0;
				GCC_PREPROCESSOR_DEFINITIONS = (
					"DEBUG=1",
					"$(inherited)",
				);
				GCC_WARN_64_TO_32_BIT_CONVERSION = YES;
				GCC_WARN_ABOUT_RETURN_TYPE = YES_ERROR;
				GCC_WARN_UNDECLARED_SELECTOR = YES;
				GCC_WARN_UNINITIALIZED_AUTOS = YES_AGGRESSIVE;
				GCC_WARN_UNUSED_FUNCTION = YES;
				GCC_WARN_UNUSED_VARIABLE = YES;
				IPHONEOS_DEPLOYMENT_TARGET = 14.0;
				MTL_ENABLE_DEBUG_INFO = INCLUDE_SOURCE;
				MTL_FAST_MATH = YES;
				ONLY_ACTIVE_ARCH = YES;
				SDKROOT = iphoneos;
				SWIFT_ACTIVE_COMPILATION_CONDITIONS = DEBUG;
				SWIFT_OPTIMIZATION_LEVEL = "-Onone";
			};
			name = Debug;
		};
		451D1A2925DA36A7003071B6 /* Release */ = {
			isa = XCBuildConfiguration;
			buildSettings = {
				ALWAYS_SEARCH_USER_PATHS = NO;
				CLANG_ANALYZER_NONNULL = YES;
				CLANG_ANALYZER_NUMBER_OBJECT_CONVERSION = YES_AGGRESSIVE;
				CLANG_CXX_LANGUAGE_STANDARD = "gnu++14";
				CLANG_CXX_LIBRARY = "libc++";
				CLANG_ENABLE_MODULES = YES;
				CLANG_ENABLE_OBJC_ARC = YES;
				CLANG_ENABLE_OBJC_WEAK = YES;
				CLANG_WARN_BLOCK_CAPTURE_AUTORELEASING = YES;
				CLANG_WARN_BOOL_CONVERSION = YES;
				CLANG_WARN_COMMA = YES;
				CLANG_WARN_CONSTANT_CONVERSION = YES;
				CLANG_WARN_DEPRECATED_OBJC_IMPLEMENTATIONS = YES;
				CLANG_WARN_DIRECT_OBJC_ISA_USAGE = YES_ERROR;
				CLANG_WARN_DOCUMENTATION_COMMENTS = YES;
				CLANG_WARN_EMPTY_BODY = YES;
				CLANG_WARN_ENUM_CONVERSION = YES;
				CLANG_WARN_INFINITE_RECURSION = YES;
				CLANG_WARN_INT_CONVERSION = YES;
				CLANG_WARN_NON_LITERAL_NULL_CONVERSION = YES;
				CLANG_WARN_OBJC_IMPLICIT_RETAIN_SELF = YES;
				CLANG_WARN_OBJC_LITERAL_CONVERSION = YES;
				CLANG_WARN_OBJC_ROOT_CLASS = YES_ERROR;
				CLANG_WARN_QUOTED_INCLUDE_IN_FRAMEWORK_HEADER = YES;
				CLANG_WARN_RANGE_LOOP_ANALYSIS = YES;
				CLANG_WARN_STRICT_PROTOTYPES = YES;
				CLANG_WARN_SUSPICIOUS_MOVE = YES;
				CLANG_WARN_UNGUARDED_AVAILABILITY = YES_AGGRESSIVE;
				CLANG_WARN_UNREACHABLE_CODE = YES;
				CLANG_WARN__DUPLICATE_METHOD_MATCH = YES;
				COPY_PHASE_STRIP = NO;
				DEBUG_INFORMATION_FORMAT = "dwarf-with-dsym";
				ENABLE_NS_ASSERTIONS = NO;
				ENABLE_STRICT_OBJC_MSGSEND = YES;
				GCC_C_LANGUAGE_STANDARD = gnu11;
				GCC_NO_COMMON_BLOCKS = YES;
				GCC_WARN_64_TO_32_BIT_CONVERSION = YES;
				GCC_WARN_ABOUT_RETURN_TYPE = YES_ERROR;
				GCC_WARN_UNDECLARED_SELECTOR = YES;
				GCC_WARN_UNINITIALIZED_AUTOS = YES_AGGRESSIVE;
				GCC_WARN_UNUSED_FUNCTION = YES;
				GCC_WARN_UNUSED_VARIABLE = YES;
				IPHONEOS_DEPLOYMENT_TARGET = 14.0;
				MTL_ENABLE_DEBUG_INFO = NO;
				MTL_FAST_MATH = YES;
				SDKROOT = iphoneos;
				SWIFT_COMPILATION_MODE = wholemodule;
				SWIFT_OPTIMIZATION_LEVEL = "-O";
				VALIDATE_PRODUCT = YES;
			};
			name = Release;
		};
		451D1A2B25DA36A7003071B6 /* Debug */ = {
			isa = XCBuildConfiguration;
			baseConfigurationReference = DE63AAE564BD8BC2DBD133E2 /* Pods-NewsApp.debug.xcconfig */;
			buildSettings = {
				ASSETCATALOG_COMPILER_APPICON_NAME = AppIcon;
				ASSETCATALOG_COMPILER_GLOBAL_ACCENT_COLOR_NAME = AccentColor;
				CODE_SIGN_STYLE = Automatic;
				DEVELOPMENT_ASSET_PATHS = "\"NewsApp/Preview Content\"";
				DEVELOPMENT_TEAM = ARU7XMZQHG;
				ENABLE_PREVIEWS = YES;
				INFOPLIST_FILE = NewsApp/Info.plist;
				LD_RUNPATH_SEARCH_PATHS = (
					"$(inherited)",
					"@executable_path/Frameworks",
				);
				PRODUCT_BUNDLE_IDENTIFIER = com.mustafaUysal.NewsApp;
				PRODUCT_NAME = "$(TARGET_NAME)";
				SWIFT_VERSION = 5.0;
				TARGETED_DEVICE_FAMILY = "1,2";
			};
			name = Debug;
		};
		451D1A2C25DA36A7003071B6 /* Release */ = {
			isa = XCBuildConfiguration;
			baseConfigurationReference = E9F56B926DA9339138F70CD0 /* Pods-NewsApp.release.xcconfig */;
			buildSettings = {
				ASSETCATALOG_COMPILER_APPICON_NAME = AppIcon;
				ASSETCATALOG_COMPILER_GLOBAL_ACCENT_COLOR_NAME = AccentColor;
				CODE_SIGN_STYLE = Automatic;
				DEVELOPMENT_ASSET_PATHS = "\"NewsApp/Preview Content\"";
				DEVELOPMENT_TEAM = ARU7XMZQHG;
				ENABLE_PREVIEWS = YES;
				INFOPLIST_FILE = NewsApp/Info.plist;
				LD_RUNPATH_SEARCH_PATHS = (
					"$(inherited)",
					"@executable_path/Frameworks",
				);
				PRODUCT_BUNDLE_IDENTIFIER = com.mustafaUysal.NewsApp;
				PRODUCT_NAME = "$(TARGET_NAME)";
				SWIFT_VERSION = 5.0;
				TARGETED_DEVICE_FAMILY = "1,2";
			};
			name = Release;
		};
/* End XCBuildConfiguration section */

/* Begin XCConfigurationList section */
		451D1A1125DA36A5003071B6 /* Build configuration list for PBXProject "NewsApp" */ = {
			isa = XCConfigurationList;
			buildConfigurations = (
				451D1A2825DA36A7003071B6 /* Debug */,
				451D1A2925DA36A7003071B6 /* Release */,
			);
			defaultConfigurationIsVisible = 0;
			defaultConfigurationName = Release;
		};
		451D1A2A25DA36A7003071B6 /* Build configuration list for PBXNativeTarget "NewsApp" */ = {
			isa = XCConfigurationList;
			buildConfigurations = (
				451D1A2B25DA36A7003071B6 /* Debug */,
				451D1A2C25DA36A7003071B6 /* Release */,
			);
			defaultConfigurationIsVisible = 0;
			defaultConfigurationName = Release;
		};
/* End XCConfigurationList section */
	};
	rootObject = 451D1A0E25DA36A5003071B6 /* Project object */;
}
